// !$*UTF8*$!
{
	archiveVersion = 1;
	classes = {
	};
	objectVersion = 52;
	objects = {

/* Begin PBXBuildFile section */
		1E028B44262C16560054C416 /* computerelementsUITests.swift in Sources */ = {isa = PBXBuildFile; fileRef = 1E028B43262C16560054C416 /* computerelementsUITests.swift */; };
		1E028B65262C1A080054C416 /* InformationView.swift in Sources */ = {isa = PBXBuildFile; fileRef = 1E028B64262C1A080054C416 /* InformationView.swift */; };
		1E028B6A262C1E9B0054C416 /* TabViewButt.swift in Sources */ = {isa = PBXBuildFile; fileRef = 1E028B69262C1E9B0054C416 /* TabViewButt.swift */; };
		1E4809472629D5DD001CD467 /* IntroCarouselView.swift in Sources */ = {isa = PBXBuildFile; fileRef = 1E4809462629D5DD001CD467 /* IntroCarouselView.swift */; };
		1E490B272606727900D458E3 /* computerelementsApp.swift in Sources */ = {isa = PBXBuildFile; fileRef = 1E490B262606727900D458E3 /* computerelementsApp.swift */; };
		1E490B292606727900D458E3 /* ContentView.swift in Sources */ = {isa = PBXBuildFile; fileRef = 1E490B282606727900D458E3 /* ContentView.swift */; };
		1E490B2B2606727A00D458E3 /* Assets.xcassets in Resources */ = {isa = PBXBuildFile; fileRef = 1E490B2A2606727A00D458E3 /* Assets.xcassets */; };
		1E490B2E2606727A00D458E3 /* Preview Assets.xcassets in Resources */ = {isa = PBXBuildFile; fileRef = 1E490B2D2606727A00D458E3 /* Preview Assets.xcassets */; };
		1E92B4B72613179700AB2D1A /* Launch Screen.storyboard in Resources */ = {isa = PBXBuildFile; fileRef = 1E92B4B62613179700AB2D1A /* Launch Screen.storyboard */; };
		1E92B4BB26138A7000AB2D1A /* MainScreenList.swift in Sources */ = {isa = PBXBuildFile; fileRef = 1E92B4BA26138A7000AB2D1A /* MainScreenList.swift */; };
		1E92B4C526138E9900AB2D1A /* AppStoreLikeViewWithDesc.swift in Sources */ = {isa = PBXBuildFile; fileRef = 1E92B4C426138E9900AB2D1A /* AppStoreLikeViewWithDesc.swift */; };
		1ED39272262C792D00227EBB /* SlideOverCard in Frameworks */ = {isa = PBXBuildFile; productRef = 1ED39271262C792D00227EBB /* SlideOverCard */; };
		1ED3928D262C8DF000227EBB /* API.swift in Sources */ = {isa = PBXBuildFile; fileRef = 1ED3928C262C8DF000227EBB /* API.swift */; };
		1ED39296262C8F9700227EBB /* Alamofire in Frameworks */ = {isa = PBXBuildFile; productRef = 1ED39295262C8F9700227EBB /* Alamofire */; };
		1ED3929C262C935A00227EBB /* SwiftyJSON in Frameworks */ = {isa = PBXBuildFile; productRef = 1ED3929B262C935A00227EBB /* SwiftyJSON */; };
		1ED392A1262CA20A00227EBB /* SettingsContent.swift in Sources */ = {isa = PBXBuildFile; fileRef = 1ED392A0262CA20A00227EBB /* SettingsContent.swift */; };
		1ED392A6262CA82E00227EBB /* SearchSteps.swift in Sources */ = {isa = PBXBuildFile; fileRef = 1ED392A5262CA82E00227EBB /* SearchSteps.swift */; };
		1ED392AF262CAC7A00227EBB /* SearchyBarySwifyu.swift in Sources */ = {isa = PBXBuildFile; fileRef = 1ED392AE262CAC7A00227EBB /* SearchyBarySwifyu.swift */; };
		1ED392BD262CB0B600227EBB /* StepSearchMainInfoSimpleView.swift in Sources */ = {isa = PBXBuildFile; fileRef = 1ED392BC262CB0B600227EBB /* StepSearchMainInfoSimpleView.swift */; };
		1ED392C5262CCD8700227EBB /* StepsExplanation.swift in Sources */ = {isa = PBXBuildFile; fileRef = 1ED392C4262CCD8700227EBB /* StepsExplanation.swift */; };
		1EF6360326286AEC00C9912A /* ACarousel in Frameworks */ = {isa = PBXBuildFile; productRef = 1EF6360226286AEC00C9912A /* ACarousel */; };
/* End PBXBuildFile section */

/* Begin PBXContainerItemProxy section */
		1E028B46262C16560054C416 /* PBXContainerItemProxy */ = {
			isa = PBXContainerItemProxy;
			containerPortal = 1E490B1B2606727900D458E3 /* Project object */;
			proxyType = 1;
			remoteGlobalIDString = 1E490B222606727900D458E3;
			remoteInfo = computerelements;
		};
		1E028B56262C17140054C416 /* PBXContainerItemProxy */ = {
			isa = PBXContainerItemProxy;
			containerPortal = 1E490B1B2606727900D458E3 /* Project object */;
			proxyType = 1;
			remoteGlobalIDString = 1E490B222606727900D458E3;
			remoteInfo = computerelements;
		};
/* End PBXContainerItemProxy section */

/* Begin PBXFileReference section */
		1E028B41262C16560054C416 /* computerelementsUITests.xctest */ = {isa = PBXFileReference; explicitFileType = wrapper.cfbundle; includeInIndex = 0; path = computerelementsUITests.xctest; sourceTree = BUILT_PRODUCTS_DIR; };
		1E028B43262C16560054C416 /* computerelementsUITests.swift */ = {isa = PBXFileReference; lastKnownFileType = sourcecode.swift; path = computerelementsUITests.swift; sourceTree = "<group>"; };
		1E028B45262C16560054C416 /* Info.plist */ = {isa = PBXFileReference; lastKnownFileType = text.plist.xml; path = Info.plist; sourceTree = "<group>"; };
		1E028B51262C17140054C416 /* computerelementsTests.xctest */ = {isa = PBXFileReference; explicitFileType = wrapper.cfbundle; includeInIndex = 0; path = computerelementsTests.xctest; sourceTree = BUILT_PRODUCTS_DIR; };
		1E028B64262C1A080054C416 /* InformationView.swift */ = {isa = PBXFileReference; lastKnownFileType = sourcecode.swift; path = InformationView.swift; sourceTree = "<group>"; };
		1E028B69262C1E9B0054C416 /* TabViewButt.swift */ = {isa = PBXFileReference; lastKnownFileType = sourcecode.swift; path = TabViewButt.swift; sourceTree = "<group>"; };
		1E4809462629D5DD001CD467 /* IntroCarouselView.swift */ = {isa = PBXFileReference; lastKnownFileType = sourcecode.swift; path = IntroCarouselView.swift; sourceTree = "<group>"; };
		1E490B232606727900D458E3 /* computerelements.app */ = {isa = PBXFileReference; explicitFileType = wrapper.application; includeInIndex = 0; path = computerelements.app; sourceTree = BUILT_PRODUCTS_DIR; };
		1E490B262606727900D458E3 /* computerelementsApp.swift */ = {isa = PBXFileReference; lastKnownFileType = sourcecode.swift; path = computerelementsApp.swift; sourceTree = "<group>"; };
		1E490B282606727900D458E3 /* ContentView.swift */ = {isa = PBXFileReference; lastKnownFileType = sourcecode.swift; path = ContentView.swift; sourceTree = "<group>"; };
		1E490B2A2606727A00D458E3 /* Assets.xcassets */ = {isa = PBXFileReference; lastKnownFileType = folder.assetcatalog; path = Assets.xcassets; sourceTree = "<group>"; };
		1E490B2D2606727A00D458E3 /* Preview Assets.xcassets */ = {isa = PBXFileReference; lastKnownFileType = folder.assetcatalog; path = "Preview Assets.xcassets"; sourceTree = "<group>"; };
		1E490B2F2606727A00D458E3 /* Info.plist */ = {isa = PBXFileReference; lastKnownFileType = text.plist.xml; path = Info.plist; sourceTree = "<group>"; };
		1E92B4B62613179700AB2D1A /* Launch Screen.storyboard */ = {isa = PBXFileReference; lastKnownFileType = file.storyboard; path = "Launch Screen.storyboard"; sourceTree = "<group>"; };
		1E92B4BA26138A7000AB2D1A /* MainScreenList.swift */ = {isa = PBXFileReference; lastKnownFileType = sourcecode.swift; path = MainScreenList.swift; sourceTree = "<group>"; };
		1E92B4C426138E9900AB2D1A /* AppStoreLikeViewWithDesc.swift */ = {isa = PBXFileReference; lastKnownFileType = sourcecode.swift; path = AppStoreLikeViewWithDesc.swift; sourceTree = "<group>"; };
		1ED3928C262C8DF000227EBB /* API.swift */ = {isa = PBXFileReference; lastKnownFileType = sourcecode.swift; path = API.swift; sourceTree = "<group>"; };
		1ED392A0262CA20A00227EBB /* SettingsContent.swift */ = {isa = PBXFileReference; lastKnownFileType = sourcecode.swift; path = SettingsContent.swift; sourceTree = "<group>"; };
		1ED392A5262CA82E00227EBB /* SearchSteps.swift */ = {isa = PBXFileReference; lastKnownFileType = sourcecode.swift; path = SearchSteps.swift; sourceTree = "<group>"; };
		1ED392AE262CAC7A00227EBB /* SearchyBarySwifyu.swift */ = {isa = PBXFileReference; lastKnownFileType = sourcecode.swift; path = SearchyBarySwifyu.swift; sourceTree = "<group>"; };
		1ED392BC262CB0B600227EBB /* StepSearchMainInfoSimpleView.swift */ = {isa = PBXFileReference; lastKnownFileType = sourcecode.swift; path = StepSearchMainInfoSimpleView.swift; sourceTree = "<group>"; };
		1ED392C4262CCD8700227EBB /* StepsExplanation.swift */ = {isa = PBXFileReference; lastKnownFileType = sourcecode.swift; path = StepsExplanation.swift; sourceTree = "<group>"; };
/* End PBXFileReference section */

/* Begin PBXFrameworksBuildPhase section */
		1E028B3E262C16560054C416 /* Frameworks */ = {
			isa = PBXFrameworksBuildPhase;
			buildActionMask = 2147483647;
			files = (
			);
			runOnlyForDeploymentPostprocessing = 0;
		};
		1E028B4E262C17140054C416 /* Frameworks */ = {
			isa = PBXFrameworksBuildPhase;
			buildActionMask = 2147483647;
			files = (
			);
			runOnlyForDeploymentPostprocessing = 0;
		};
		1E490B202606727900D458E3 /* Frameworks */ = {
			isa = PBXFrameworksBuildPhase;
			buildActionMask = 2147483647;
			files = (
				1ED39296262C8F9700227EBB /* Alamofire in Frameworks */,
				1ED39272262C792D00227EBB /* SlideOverCard in Frameworks */,
				1ED3929C262C935A00227EBB /* SwiftyJSON in Frameworks */,
				1EF6360326286AEC00C9912A /* ACarousel in Frameworks */,
			);
			runOnlyForDeploymentPostprocessing = 0;
		};
/* End PBXFrameworksBuildPhase section */

/* Begin PBXGroup section */
		1E028B42262C16560054C416 /* computerelementsUITests */ = {
			isa = PBXGroup;
			children = (
				1E028B43262C16560054C416 /* computerelementsUITests.swift */,
				1E028B45262C16560054C416 /* Info.plist */,
			);
			path = computerelementsUITests;
			sourceTree = "<group>";
		};
		1E490B1A2606727900D458E3 = {
			isa = PBXGroup;
			children = (
				1E490B252606727900D458E3 /* computerelements */,
				1E028B42262C16560054C416 /* computerelementsUITests */,
				1E490B242606727900D458E3 /* Products */,
			);
			sourceTree = "<group>";
		};
		1E490B242606727900D458E3 /* Products */ = {
			isa = PBXGroup;
			children = (
				1E490B232606727900D458E3 /* computerelements.app */,
				1E028B41262C16560054C416 /* computerelementsUITests.xctest */,
				1E028B51262C17140054C416 /* computerelementsTests.xctest */,
			);
			name = Products;
			sourceTree = "<group>";
		};
		1E490B252606727900D458E3 /* computerelements */ = {
			isa = PBXGroup;
			children = (
				1E490B262606727900D458E3 /* computerelementsApp.swift */,
				1E490B282606727900D458E3 /* ContentView.swift */,
				1E92B4C126138E2F00AB2D1A /* SubViews */,
				1ED3928B262C8DE100227EBB /* API */,
				1ED392AD262CAC5F00227EBB /* Extensions */,
				1E490B2A2606727A00D458E3 /* Assets.xcassets */,
				1E92B4B62613179700AB2D1A /* Launch Screen.storyboard */,
				1E490B2F2606727A00D458E3 /* Info.plist */,
				1E490B2C2606727A00D458E3 /* Preview Content */,
			);
			path = computerelements;
			sourceTree = "<group>";
		};
		1E490B2C2606727A00D458E3 /* Preview Content */ = {
			isa = PBXGroup;
			children = (
				1E490B2D2606727A00D458E3 /* Preview Assets.xcassets */,
			);
			path = "Preview Content";
			sourceTree = "<group>";
		};
		1E92B4C126138E2F00AB2D1A /* SubViews */ = {
			isa = PBXGroup;
			children = (
				1E028B69262C1E9B0054C416 /* TabViewButt.swift */,
				1E92B4BA26138A7000AB2D1A /* MainScreenList.swift */,
				1E028B64262C1A080054C416 /* InformationView.swift */,
				1ED392A5262CA82E00227EBB /* SearchSteps.swift */,
				1ED392C4262CCD8700227EBB /* StepsExplanation.swift */,
				1E92B4C326138E4700AB2D1A /* Subbed */,
			);
			name = SubViews;
			sourceTree = "<group>";
		};
		1E92B4C326138E4700AB2D1A /* Subbed */ = {
			isa = PBXGroup;
			children = (
				1ED392A0262CA20A00227EBB /* SettingsContent.swift */,
				1ED392BC262CB0B600227EBB /* StepSearchMainInfoSimpleView.swift */,
				1E4809462629D5DD001CD467 /* IntroCarouselView.swift */,
				1E92B4C426138E9900AB2D1A /* AppStoreLikeViewWithDesc.swift */,
			);
			path = Subbed;
			sourceTree = "<group>";
		};
		1ED3928B262C8DE100227EBB /* API */ = {
			isa = PBXGroup;
			children = (
				1ED3928C262C8DF000227EBB /* API.swift */,
			);
			name = API;
			sourceTree = "<group>";
		};
		1ED392AD262CAC5F00227EBB /* Extensions */ = {
			isa = PBXGroup;
			children = (
				1ED392AE262CAC7A00227EBB /* SearchyBarySwifyu.swift */,
			);
			name = Extensions;
			sourceTree = "<group>";
		};
/* End PBXGroup section */

/* Begin PBXNativeTarget section */
		1E028B40262C16560054C416 /* computerelementsUITests */ = {
			isa = PBXNativeTarget;
			buildConfigurationList = 1E028B48262C16560054C416 /* Build configuration list for PBXNativeTarget "computerelementsUITests" */;
			buildPhases = (
				1E028B3D262C16560054C416 /* Sources */,
				1E028B3E262C16560054C416 /* Frameworks */,
				1E028B3F262C16560054C416 /* Resources */,
			);
			buildRules = (
			);
			dependencies = (
				1E028B47262C16560054C416 /* PBXTargetDependency */,
			);
			name = computerelementsUITests;
			productName = computerelementsUITests;
			productReference = 1E028B41262C16560054C416 /* computerelementsUITests.xctest */;
			productType = "com.apple.product-type.bundle.ui-testing";
		};
		1E028B50262C17140054C416 /* computerelementsTests */ = {
			isa = PBXNativeTarget;
			buildConfigurationList = 1E028B58262C17140054C416 /* Build configuration list for PBXNativeTarget "computerelementsTests" */;
			buildPhases = (
				1E028B4D262C17140054C416 /* Sources */,
				1E028B4E262C17140054C416 /* Frameworks */,
				1E028B4F262C17140054C416 /* Resources */,
			);
			buildRules = (
			);
			dependencies = (
				1E028B57262C17140054C416 /* PBXTargetDependency */,
			);
			name = computerelementsTests;
			productName = computerelementsTests;
			productReference = 1E028B51262C17140054C416 /* computerelementsTests.xctest */;
			productType = "com.apple.product-type.bundle.unit-test";
		};
		1E490B222606727900D458E3 /* computerelements */ = {
			isa = PBXNativeTarget;
			buildConfigurationList = 1E490B322606727A00D458E3 /* Build configuration list for PBXNativeTarget "computerelements" */;
			buildPhases = (
				1E490B1F2606727900D458E3 /* Sources */,
				1E490B202606727900D458E3 /* Frameworks */,
				1E490B212606727900D458E3 /* Resources */,
			);
			buildRules = (
			);
			dependencies = (
			);
			name = computerelements;
			packageProductDependencies = (
				1EF6360226286AEC00C9912A /* ACarousel */,
				1ED39271262C792D00227EBB /* SlideOverCard */,
				1ED39295262C8F9700227EBB /* Alamofire */,
				1ED3929B262C935A00227EBB /* SwiftyJSON */,
			);
			productName = computerelements;
			productReference = 1E490B232606727900D458E3 /* computerelements.app */;
			productType = "com.apple.product-type.application";
		};
/* End PBXNativeTarget section */

/* Begin PBXProject section */
		1E490B1B2606727900D458E3 /* Project object */ = {
			isa = PBXProject;
			attributes = {
				LastSwiftUpdateCheck = 1240;
				LastUpgradeCheck = 1240;
				TargetAttributes = {
					1E028B40262C16560054C416 = {
						CreatedOnToolsVersion = 12.4;
						TestTargetID = 1E490B222606727900D458E3;
					};
					1E028B50262C17140054C416 = {
						CreatedOnToolsVersion = 12.4;
						TestTargetID = 1E490B222606727900D458E3;
					};
					1E490B222606727900D458E3 = {
						CreatedOnToolsVersion = 12.4;
					};
				};
			};
			buildConfigurationList = 1E490B1E2606727900D458E3 /* Build configuration list for PBXProject "computerelements" */;
			compatibilityVersion = "Xcode 9.3";
			developmentRegion = en;
			hasScannedForEncodings = 0;
			knownRegions = (
				en,
				Base,
			);
			mainGroup = 1E490B1A2606727900D458E3;
			packageReferences = (
				1EF6360126286AEC00C9912A /* XCRemoteSwiftPackageReference "ACarousel" */,
				1ED39270262C792D00227EBB /* XCRemoteSwiftPackageReference "SlideOverCard" */,
				1ED39294262C8F9700227EBB /* XCRemoteSwiftPackageReference "Alamofire" */,
				1ED3929A262C935A00227EBB /* XCRemoteSwiftPackageReference "SwiftyJSON" */,
			);
			productRefGroup = 1E490B242606727900D458E3 /* Products */;
			projectDirPath = "";
			projectRoot = "";
			targets = (
				1E490B222606727900D458E3 /* computerelements */,
				1E028B40262C16560054C416 /* computerelementsUITests */,
				1E028B50262C17140054C416 /* computerelementsTests */,
			);
		};
/* End PBXProject section */

/* Begin PBXResourcesBuildPhase section */
		1E028B3F262C16560054C416 /* Resources */ = {
			isa = PBXResourcesBuildPhase;
			buildActionMask = 2147483647;
			files = (
			);
			runOnlyForDeploymentPostprocessing = 0;
		};
		1E028B4F262C17140054C416 /* Resources */ = {
			isa = PBXResourcesBuildPhase;
			buildActionMask = 2147483647;
			files = (
			);
			runOnlyForDeploymentPostprocessing = 0;
		};
		1E490B212606727900D458E3 /* Resources */ = {
			isa = PBXResourcesBuildPhase;
			buildActionMask = 2147483647;
			files = (
				1E92B4B72613179700AB2D1A /* Launch Screen.storyboard in Resources */,
				1E490B2E2606727A00D458E3 /* Preview Assets.xcassets in Resources */,
				1E490B2B2606727A00D458E3 /* Assets.xcassets in Resources */,
			);
			runOnlyForDeploymentPostprocessing = 0;
		};
/* End PBXResourcesBuildPhase section */

/* Begin PBXSourcesBuildPhase section */
		1E028B3D262C16560054C416 /* Sources */ = {
			isa = PBXSourcesBuildPhase;
			buildActionMask = 2147483647;
			files = (
				1E028B44262C16560054C416 /* computerelementsUITests.swift in Sources */,
			);
			runOnlyForDeploymentPostprocessing = 0;
		};
		1E028B4D262C17140054C416 /* Sources */ = {
			isa = PBXSourcesBuildPhase;
			buildActionMask = 2147483647;
			files = (
			);
			runOnlyForDeploymentPostprocessing = 0;
		};
		1E490B1F2606727900D458E3 /* Sources */ = {
			isa = PBXSourcesBuildPhase;
			buildActionMask = 2147483647;
			files = (
				1E4809472629D5DD001CD467 /* IntroCarouselView.swift in Sources */,
				1ED392BD262CB0B600227EBB /* StepSearchMainInfoSimpleView.swift in Sources */,
				1E028B6A262C1E9B0054C416 /* TabViewButt.swift in Sources */,
				1E490B292606727900D458E3 /* ContentView.swift in Sources */,
				1E490B272606727900D458E3 /* computerelementsApp.swift in Sources */,
				1E028B65262C1A080054C416 /* InformationView.swift in Sources */,
				1E92B4C526138E9900AB2D1A /* AppStoreLikeViewWithDesc.swift in Sources */,
				1ED392A1262CA20A00227EBB /* SettingsContent.swift in Sources */,
				1ED3928D262C8DF000227EBB /* API.swift in Sources */,
				1ED392C5262CCD8700227EBB /* StepsExplanation.swift in Sources */,
				1E92B4BB26138A7000AB2D1A /* MainScreenList.swift in Sources */,
				1ED392A6262CA82E00227EBB /* SearchSteps.swift in Sources */,
				1ED392AF262CAC7A00227EBB /* SearchyBarySwifyu.swift in Sources */,
			);
			runOnlyForDeploymentPostprocessing = 0;
		};
/* End PBXSourcesBuildPhase section */

/* Begin PBXTargetDependency section */
		1E028B47262C16560054C416 /* PBXTargetDependency */ = {
			isa = PBXTargetDependency;
			target = 1E490B222606727900D458E3 /* computerelements */;
			targetProxy = 1E028B46262C16560054C416 /* PBXContainerItemProxy */;
		};
		1E028B57262C17140054C416 /* PBXTargetDependency */ = {
			isa = PBXTargetDependency;
			target = 1E490B222606727900D458E3 /* computerelements */;
			targetProxy = 1E028B56262C17140054C416 /* PBXContainerItemProxy */;
		};
/* End PBXTargetDependency section */

/* Begin XCBuildConfiguration section */
		1E028B49262C16560054C416 /* Debug */ = {
			isa = XCBuildConfiguration;
			buildSettings = {
				CODE_SIGN_STYLE = Automatic;
				DEVELOPMENT_TEAM = 6SQA445L8P;
				INFOPLIST_FILE = computerelementsUITests/Info.plist;
				LD_RUNPATH_SEARCH_PATHS = (
					"$(inherited)",
					"@executable_path/Frameworks",
					"@loader_path/Frameworks",
				);
				PRODUCT_BUNDLE_IDENTIFIER = com.blackhatorganization.computerelementsUITests;
				PRODUCT_NAME = "$(TARGET_NAME)";
				SWIFT_VERSION = 5.0;
				TARGETED_DEVICE_FAMILY = "1,2";
				TEST_TARGET_NAME = computerelements;
			};
			name = Debug;
		};
		1E028B4A262C16560054C416 /* Release */ = {
			isa = XCBuildConfiguration;
			buildSettings = {
				CODE_SIGN_STYLE = Automatic;
				DEVELOPMENT_TEAM = 6SQA445L8P;
				INFOPLIST_FILE = computerelementsUITests/Info.plist;
				LD_RUNPATH_SEARCH_PATHS = (
					"$(inherited)",
					"@executable_path/Frameworks",
					"@loader_path/Frameworks",
				);
				PRODUCT_BUNDLE_IDENTIFIER = com.blackhatorganization.computerelementsUITests;
				PRODUCT_NAME = "$(TARGET_NAME)";
				SWIFT_VERSION = 5.0;
				TARGETED_DEVICE_FAMILY = "1,2";
				TEST_TARGET_NAME = computerelements;
			};
			name = Release;
		};
		1E028B59262C17140054C416 /* Debug */ = {
			isa = XCBuildConfiguration;
			buildSettings = {
				BUNDLE_LOADER = "$(TEST_HOST)";
				CODE_SIGN_STYLE = Automatic;
				DEVELOPMENT_TEAM = 6SQA445L8P;
				INFOPLIST_FILE = computerelementsTests/Info.plist;
				LD_RUNPATH_SEARCH_PATHS = (
					"$(inherited)",
					"@executable_path/Frameworks",
					"@loader_path/Frameworks",
				);
				PRODUCT_BUNDLE_IDENTIFIER = com.blackhatorganization.computerelementsTests;
				PRODUCT_NAME = "$(TARGET_NAME)";
				SWIFT_VERSION = 5.0;
				TARGETED_DEVICE_FAMILY = "1,2";
				TEST_HOST = "$(BUILT_PRODUCTS_DIR)/computerelements.app/computerelements";
			};
			name = Debug;
		};
		1E028B5A262C17140054C416 /* Release */ = {
			isa = XCBuildConfiguration;
			buildSettings = {
				BUNDLE_LOADER = "$(TEST_HOST)";
				CODE_SIGN_STYLE = Automatic;
				DEVELOPMENT_TEAM = 6SQA445L8P;
				INFOPLIST_FILE = computerelementsTests/Info.plist;
				LD_RUNPATH_SEARCH_PATHS = (
					"$(inherited)",
					"@executable_path/Frameworks",
					"@loader_path/Frameworks",
				);
				PRODUCT_BUNDLE_IDENTIFIER = com.blackhatorganization.computerelementsTests;
				PRODUCT_NAME = "$(TARGET_NAME)";
				SWIFT_VERSION = 5.0;
				TARGETED_DEVICE_FAMILY = "1,2";
				TEST_HOST = "$(BUILT_PRODUCTS_DIR)/computerelements.app/computerelements";
			};
			name = Release;
		};
		1E490B302606727A00D458E3 /* Debug */ = {
			isa = XCBuildConfiguration;
			buildSettings = {
				ALWAYS_SEARCH_USER_PATHS = NO;
				CLANG_ANALYZER_NONNULL = YES;
				CLANG_ANALYZER_NUMBER_OBJECT_CONVERSION = YES_AGGRESSIVE;
				CLANG_CXX_LANGUAGE_STANDARD = "gnu++14";
				CLANG_CXX_LIBRARY = "libc++";
				CLANG_ENABLE_MODULES = YES;
				CLANG_ENABLE_OBJC_ARC = YES;
				CLANG_ENABLE_OBJC_WEAK = YES;
				CLANG_WARN_BLOCK_CAPTURE_AUTORELEASING = YES;
				CLANG_WARN_BOOL_CONVERSION = YES;
				CLANG_WARN_COMMA = YES;
				CLANG_WARN_CONSTANT_CONVERSION = YES;
				CLANG_WARN_DEPRECATED_OBJC_IMPLEMENTATIONS = YES;
				CLANG_WARN_DIRECT_OBJC_ISA_USAGE = YES_ERROR;
				CLANG_WARN_DOCUMENTATION_COMMENTS = YES;
				CLANG_WARN_EMPTY_BODY = YES;
				CLANG_WARN_ENUM_CONVERSION = YES;
				CLANG_WARN_INFINITE_RECURSION = YES;
				CLANG_WARN_INT_CONVERSION = YES;
				CLANG_WARN_NON_LITERAL_NULL_CONVERSION = YES;
				CLANG_WARN_OBJC_IMPLICIT_RETAIN_SELF = YES;
				CLANG_WARN_OBJC_LITERAL_CONVERSION = YES;
				CLANG_WARN_OBJC_ROOT_CLASS = YES_ERROR;
				CLANG_WARN_QUOTED_INCLUDE_IN_FRAMEWORK_HEADER = YES;
				CLANG_WARN_RANGE_LOOP_ANALYSIS = YES;
				CLANG_WARN_STRICT_PROTOTYPES = YES;
				CLANG_WARN_SUSPICIOUS_MOVE = YES;
				CLANG_WARN_UNGUARDED_AVAILABILITY = YES_AGGRESSIVE;
				CLANG_WARN_UNREACHABLE_CODE = YES;
				CLANG_WARN__DUPLICATE_METHOD_MATCH = YES;
				COPY_PHASE_STRIP = NO;
				DEBUG_INFORMATION_FORMAT = dwarf;
				ENABLE_STRICT_OBJC_MSGSEND = YES;
				ENABLE_TESTABILITY = YES;
				GCC_C_LANGUAGE_STANDARD = gnu11;
				GCC_DYNAMIC_NO_PIC = NO;
				GCC_NO_COMMON_BLOCKS = YES;
				GCC_OPTIMIZATION_LEVEL = 0;
				GCC_PREPROCESSOR_DEFINITIONS = (
					"DEBUG=1",
					"$(inherited)",
				);
				GCC_WARN_64_TO_32_BIT_CONVERSION = YES;
				GCC_WARN_ABOUT_RETURN_TYPE = YES_ERROR;
				GCC_WARN_UNDECLARED_SELECTOR = YES;
				GCC_WARN_UNINITIALIZED_AUTOS = YES_AGGRESSIVE;
				GCC_WARN_UNUSED_FUNCTION = YES;
				GCC_WARN_UNUSED_VARIABLE = YES;
				IPHONEOS_DEPLOYMENT_TARGET = 14.4;
				MTL_ENABLE_DEBUG_INFO = INCLUDE_SOURCE;
				MTL_FAST_MATH = YES;
				ONLY_ACTIVE_ARCH = YES;
				SDKROOT = iphoneos;
				SWIFT_ACTIVE_COMPILATION_CONDITIONS = DEBUG;
				SWIFT_OPTIMIZATION_LEVEL = "-Onone";
			};
			name = Debug;
		};
		1E490B312606727A00D458E3 /* Release */ = {
			isa = XCBuildConfiguration;
			buildSettings = {
				ALWAYS_SEARCH_USER_PATHS = NO;
				CLANG_ANALYZER_NONNULL = YES;
				CLANG_ANALYZER_NUMBER_OBJECT_CONVERSION = YES_AGGRESSIVE;
				CLANG_CXX_LANGUAGE_STANDARD = "gnu++14";
				CLANG_CXX_LIBRARY = "libc++";
				CLANG_ENABLE_MODULES = YES;
				CLANG_ENABLE_OBJC_ARC = YES;
				CLANG_ENABLE_OBJC_WEAK = YES;
				CLANG_WARN_BLOCK_CAPTURE_AUTORELEASING = YES;
				CLANG_WARN_BOOL_CONVERSION = YES;
				CLANG_WARN_COMMA = YES;
				CLANG_WARN_CONSTANT_CONVERSION = YES;
				CLANG_WARN_DEPRECATED_OBJC_IMPLEMENTATIONS = YES;
				CLANG_WARN_DIRECT_OBJC_ISA_USAGE = YES_ERROR;
				CLANG_WARN_DOCUMENTATION_COMMENTS = YES;
				CLANG_WARN_EMPTY_BODY = YES;
				CLANG_WARN_ENUM_CONVERSION = YES;
				CLANG_WARN_INFINITE_RECURSION = YES;
				CLANG_WARN_INT_CONVERSION = YES;
				CLANG_WARN_NON_LITERAL_NULL_CONVERSION = YES;
				CLANG_WARN_OBJC_IMPLICIT_RETAIN_SELF = YES;
				CLANG_WARN_OBJC_LITERAL_CONVERSION = YES;
				CLANG_WARN_OBJC_ROOT_CLASS = YES_ERROR;
				CLANG_WARN_QUOTED_INCLUDE_IN_FRAMEWORK_HEADER = YES;
				CLANG_WARN_RANGE_LOOP_ANALYSIS = YES;
				CLANG_WARN_STRICT_PROTOTYPES = YES;
				CLANG_WARN_SUSPICIOUS_MOVE = YES;
				CLANG_WARN_UNGUARDED_AVAILABILITY = YES_AGGRESSIVE;
				CLANG_WARN_UNREACHABLE_CODE = YES;
				CLANG_WARN__DUPLICATE_METHOD_MATCH = YES;
				COPY_PHASE_STRIP = NO;
				DEBUG_INFORMATION_FORMAT = "dwarf-with-dsym";
				ENABLE_NS_ASSERTIONS = NO;
				ENABLE_STRICT_OBJC_MSGSEND = YES;
				GCC_C_LANGUAGE_STANDARD = gnu11;
				GCC_NO_COMMON_BLOCKS = YES;
				GCC_WARN_64_TO_32_BIT_CONVERSION = YES;
				GCC_WARN_ABOUT_RETURN_TYPE = YES_ERROR;
				GCC_WARN_UNDECLARED_SELECTOR = YES;
				GCC_WARN_UNINITIALIZED_AUTOS = YES_AGGRESSIVE;
				GCC_WARN_UNUSED_FUNCTION = YES;
				GCC_WARN_UNUSED_VARIABLE = YES;
				IPHONEOS_DEPLOYMENT_TARGET = 14.4;
				MTL_ENABLE_DEBUG_INFO = NO;
				MTL_FAST_MATH = YES;
				SDKROOT = iphoneos;
				SWIFT_COMPILATION_MODE = wholemodule;
				SWIFT_OPTIMIZATION_LEVEL = "-O";
				VALIDATE_PRODUCT = YES;
			};
			name = Release;
		};
		1E490B332606727A00D458E3 /* Debug */ = {
			isa = XCBuildConfiguration;
			buildSettings = {
				ASSETCATALOG_COMPILER_APPICON_NAME = AppIcon;
				ASSETCATALOG_COMPILER_GLOBAL_ACCENT_COLOR_NAME = AccentColor;
				CODE_SIGN_STYLE = Automatic;
				CURRENT_PROJECT_VERSION = 5;
				DEVELOPMENT_ASSET_PATHS = "\"computerelements/Preview Content\"";
				DEVELOPMENT_TEAM = 6SQA445L8P;
				ENABLE_PREVIEWS = YES;
				INFOPLIST_FILE = computerelements/Info.plist;
				IPHONEOS_DEPLOYMENT_TARGET = 14.0;
				LD_RUNPATH_SEARCH_PATHS = (
					"$(inherited)",
					"@executable_path/Frameworks",
				);
				MARKETING_VERSION = 0.1.1;
				PRODUCT_BUNDLE_IDENTIFIER = com.blackhatorganizaton.computerelements;
				PRODUCT_NAME = "$(TARGET_NAME)";
				SWIFT_VERSION = 5.0;
				TARGETED_DEVICE_FAMILY = 1;
			};
			name = Debug;
		};
		1E490B342606727A00D458E3 /* Release */ = {
			isa = XCBuildConfiguration;
			buildSettings = {
				ASSETCATALOG_COMPILER_APPICON_NAME = AppIcon;
				ASSETCATALOG_COMPILER_GLOBAL_ACCENT_COLOR_NAME = AccentColor;
				CODE_SIGN_STYLE = Automatic;
				CURRENT_PROJECT_VERSION = 5;
				DEVELOPMENT_ASSET_PATHS = "\"computerelements/Preview Content\"";
				DEVELOPMENT_TEAM = 6SQA445L8P;
				ENABLE_PREVIEWS = YES;
				INFOPLIST_FILE = computerelements/Info.plist;
				IPHONEOS_DEPLOYMENT_TARGET = 14.0;
				LD_RUNPATH_SEARCH_PATHS = (
					"$(inherited)",
					"@executable_path/Frameworks",
				);
				MARKETING_VERSION = 0.1.1;
				PRODUCT_BUNDLE_IDENTIFIER = com.blackhatorganizaton.computerelements;
				PRODUCT_NAME = "$(TARGET_NAME)";
				SWIFT_VERSION = 5.0;
				TARGETED_DEVICE_FAMILY = 1;
			};
			name = Release;
		};
/* End XCBuildConfiguration section */

/* Begin XCConfigurationList section */
		1E028B48262C16560054C416 /* Build configuration list for PBXNativeTarget "computerelementsUITests" */ = {
			isa = XCConfigurationList;
			buildConfigurations = (
				1E028B49262C16560054C416 /* Debug */,
				1E028B4A262C16560054C416 /* Release */,
			);
			defaultConfigurationIsVisible = 0;
			defaultConfigurationName = Release;
		};
		1E028B58262C17140054C416 /* Build configuration list for PBXNativeTarget "computerelementsTests" */ = {
			isa = XCConfigurationList;
			buildConfigurations = (
				1E028B59262C17140054C416 /* Debug */,
				1E028B5A262C17140054C416 /* Release */,
			);
			defaultConfigurationIsVisible = 0;
			defaultConfigurationName = Release;
		};
		1E490B1E2606727900D458E3 /* Build configuration list for PBXProject "computerelements" */ = {
			isa = XCConfigurationList;
			buildConfigurations = (
				1E490B302606727A00D458E3 /* Debug */,
				1E490B312606727A00D458E3 /* Release */,
			);
			defaultConfigurationIsVisible = 0;
			defaultConfigurationName = Release;
		};
		1E490B322606727A00D458E3 /* Build configuration list for PBXNativeTarget "computerelements" */ = {
			isa = XCConfigurationList;
			buildConfigurations = (
				1E490B332606727A00D458E3 /* Debug */,
				1E490B342606727A00D458E3 /* Release */,
			);
			defaultConfigurationIsVisible = 0;
			defaultConfigurationName = Release;
		};
/* End XCConfigurationList section */

/* Begin XCRemoteSwiftPackageReference section */
		1ED39270262C792D00227EBB /* XCRemoteSwiftPackageReference "SlideOverCard" */ = {
			isa = XCRemoteSwiftPackageReference;
			repositoryURL = "https://github.com/joogps/SlideOverCard";
			requirement = {
				kind = upToNextMajorVersion;
				minimumVersion = 1.2.6;
			};
		};
		1ED39294262C8F9700227EBB /* XCRemoteSwiftPackageReference "Alamofire" */ = {
			isa = XCRemoteSwiftPackageReference;
			repositoryURL = "https://github.com/Alamofire/Alamofire";
			requirement = {
				kind = upToNextMajorVersion;
				minimumVersion = 5.4.2;
			};
		};
		1ED3929A262C935A00227EBB /* XCRemoteSwiftPackageReference "SwiftyJSON" */ = {
			isa = XCRemoteSwiftPackageReference;
			repositoryURL = "https://github.com/SwiftyJSON/SwiftyJSON";
			requirement = {
				kind = upToNextMajorVersion;
				minimumVersion = 5.0.1;
			};
		};
		1EF6360126286AEC00C9912A /* XCRemoteSwiftPackageReference "ACarousel" */ = {
			isa = XCRemoteSwiftPackageReference;
			repositoryURL = "https://github.com/JWAutumn/ACarousel";
			requirement = {
				kind = upToNextMajorVersion;
				minimumVersion = 0.2.0;
			};
		};
/* End XCRemoteSwiftPackageReference section */

/* Begin XCSwiftPackageProductDependency section */
		1ED39271262C792D00227EBB /* SlideOverCard */ = {
			isa = XCSwiftPackageProductDependency;
			package = 1ED39270262C792D00227EBB /* XCRemoteSwiftPackageReference "SlideOverCard" */;
			productName = SlideOverCard;
		};
		1ED39295262C8F9700227EBB /* Alamofire */ = {
			isa = XCSwiftPackageProductDependency;
			package = 1ED39294262C8F9700227EBB /* XCRemoteSwiftPackageReference "Alamofire" */;
			productName = Alamofire;
		};
		1ED3929B262C935A00227EBB /* SwiftyJSON */ = {
			isa = XCSwiftPackageProductDependency;
			package = 1ED3929A262C935A00227EBB /* XCRemoteSwiftPackageReference "SwiftyJSON" */;
			productName = SwiftyJSON;
		};
		1EF6360226286AEC00C9912A /* ACarousel */ = {
			isa = XCSwiftPackageProductDependency;
			package = 1EF6360126286AEC00C9912A /* XCRemoteSwiftPackageReference "ACarousel" */;
			productName = ACarousel;
		};
/* End XCSwiftPackageProductDependency section */
	};
	rootObject = 1E490B1B2606727900D458E3 /* Project object */;
}
